
Microsoft Visual Studio Solution File, Format Version 12.00
# Visual Studio Version 16
VisualStudioVersion = 16.0.30804.86
MinimumVisualStudioVersion = 10.0.40219.1
Project("{FAE04EC0-301F-11D3-BF4B-00C04F79EFBC}") = "wh4Shop.Api", "wh4Shop.Api\wh4Shop.Api.csproj", "{FB69357B-C120-420C-8A1E-F30ADC506C3A}"
EndProject
Project("{FAE04EC0-301F-11D3-BF4B-00C04F79EFBC}") = "wh4Shop.WebApp", "wh4Shop.WebApp\wh4Shop.WebApp.csproj", "{51F7BEED-E3BA-42C7-ADC7-DDAA09C1E7BD}"
EndProject
Project("{2150E333-8FDC-42A3-9474-1A3956D46DE8}") = "Data", "Data", "{7EDE3D09-823B-4C66-B482-9D17D7EB4B11}"
EndProject
Project("{FAE04EC0-301F-11D3-BF4B-00C04F79EFBC}") = "wh4Shop.AppCore", "wh4Shop.AppCore\wh4Shop.AppCore.csproj", "{437E01FA-040D-4E00-9C71-909C4F8BB8AB}"
EndProject
Project("{FAE04EC0-301F-11D3-BF4B-00C04F79EFBC}") = "wh4Shop.DataEntity", "wh4Shop.DataEntity\wh4Shop.DataEntity.csproj", "{EB45AA23-E776-4BEC-BB7B-4C70CC5D812E}"
EndProject
Global
	GlobalSection(SolutionConfigurationPlatforms) = preSolution
		Debug|Any CPU = Debug|Any CPU
		Release|Any CPU = Release|Any CPU
	EndGlobalSection
	GlobalSection(ProjectConfigurationPlatforms) = postSolution
		{FB69357B-C120-420C-8A1E-F30ADC506C3A}.Debug|Any CPU.ActiveCfg = Debug|Any CPU
		{FB69357B-C120-420C-8A1E-F30ADC506C3A}.Debug|Any CPU.Build.0 = Debug|Any CPU
		{FB69357B-C120-420C-8A1E-F30ADC506C3A}.Release|Any CPU.ActiveCfg = Release|Any CPU
		{FB69357B-C120-420C-8A1E-F30ADC506C3A}.Release|Any CPU.Build.0 = Release|Any CPU
		{51F7BEED-E3BA-42C7-ADC7-DDAA09C1E7BD}.Debug|Any CPU.ActiveCfg = Debug|Any CPU
		{51F7BEED-E3BA-42C7-ADC7-DDAA09C1E7BD}.Debug|Any CPU.Build.0 = Debug|Any CPU
		{51F7BEED-E3BA-42C7-ADC7-DDAA09C1E7BD}.Release|Any CPU.ActiveCfg = Release|Any CPU
		{51F7BEED-E3BA-42C7-ADC7-DDAA09C1E7BD}.Release|Any CPU.Build.0 = Release|Any CPU
		{437E01FA-040D-4E00-9C71-909C4F8BB8AB}.Debug|Any CPU.ActiveCfg = Debug|Any CPU
		{437E01FA-040D-4E00-9C71-909C4F8BB8AB}.Debug|Any CPU.Build.0 = Debug|Any CPU
		{437E01FA-040D-4E00-9C71-909C4F8BB8AB}.Release|Any CPU.ActiveCfg = Release|Any CPU
		{437E01FA-040D-4E00-9C71-909C4F8BB8AB}.Release|Any CPU.Build.0 = Release|Any CPU
		{EB45AA23-E776-4BEC-BB7B-4C70CC5D812E}.Debug|Any CPU.ActiveCfg = Debug|Any CPU
		{EB45AA23-E776-4BEC-BB7B-4C70CC5D812E}.Debug|Any CPU.Build.0 = Debug|Any CPU
		{EB45AA23-E776-4BEC-BB7B-4C70CC5D812E}.Release|Any CPU.ActiveCfg = Release|Any CPU
		{EB45AA23-E776-4BEC-BB7B-4C70CC5D812E}.Release|Any CPU.Build.0 = Release|Any CPU
	EndGlobalSection
	GlobalSection(SolutionProperties) = preSolution
		HideSolutionNode = FALSE
	EndGlobalSection
	GlobalSection(NestedProjects) = preSolution
		{437E01FA-040D-4E00-9C71-909C4F8BB8AB} = {7EDE3D09-823B-4C66-B482-9D17D7EB4B11}
		{EB45AA23-E776-4BEC-BB7B-4C70CC5D812E} = {7EDE3D09-823B-4C66-B482-9D17D7EB4B11}
	EndGlobalSection
	GlobalSection(ExtensibilityGlobals) = postSolution
		SolutionGuid = {5F4239AC-2ACB-4A56-B604-2C8AD4047E6F}
	EndGlobalSection
EndGlobal
